
Microsoft Visual Studio Solution File, Format Version 12.00
# Visual Studio Version 16
VisualStudioVersion = 16.0.30204.135
MinimumVisualStudioVersion = 10.0.40219.1
Project("{FAE04EC0-301F-11D3-BF4B-00C04F79EFBC}") = "c-oop-practice-car-class-shailza85", "c-oop-practice-car-class-shailza85\c-oop-practice-car-class-shailza85.csproj", "{D5AC7246-80B3-47F5-BBD5-B824E0D0460B}"
EndProject
Global
	GlobalSection(SolutionConfigurationPlatforms) = preSolution
		Debug|Any CPU = Debug|Any CPU
		Release|Any CPU = Release|Any CPU
	EndGlobalSection
	GlobalSection(ProjectConfigurationPlatforms) = postSolution
		{D5AC7246-80B3-47F5-BBD5-B824E0D0460B}.Debug|Any CPU.ActiveCfg = Debug|Any CPU
		{D5AC7246-80B3-47F5-BBD5-B824E0D0460B}.Debug|Any CPU.Build.0 = Debug|Any CPU
		{D5AC7246-80B3-47F5-BBD5-B824E0D0460B}.Release|Any CPU.ActiveCfg = Release|Any CPU
		{D5AC7246-80B3-47F5-BBD5-B824E0D0460B}.Release|Any CPU.Build.0 = Release|Any CPU
	EndGlobalSection
	GlobalSection(SolutionProperties) = preSolution
		HideSolutionNode = FALSE
	EndGlobalSection
	GlobalSection(ExtensibilityGlobals) = postSolution
		SolutionGuid = {772C21A1-7B74-4D86-B1D0-6F86EA023132}
	EndGlobalSection
EndGlobal
